// !$*UTF8*$!
{
	archiveVersion = 1;
	classes = {
	};
	objectVersion = 46;
	objects = {

/* Begin PBXBuildFile section */
		240AEFD81EC804EE00004FB8 /* AppDelegate.swift in Sources */ = {isa = PBXBuildFile; fileRef = 240AEFD71EC804EE00004FB8 /* AppDelegate.swift */; };
		240AEFDA1EC804EE00004FB8 /* ViewController.swift in Sources */ = {isa = PBXBuildFile; fileRef = 240AEFD91EC804EE00004FB8 /* ViewController.swift */; };
		240AEFDD1EC804EE00004FB8 /* Main.storyboard in Resources */ = {isa = PBXBuildFile; fileRef = 240AEFDB1EC804EE00004FB8 /* Main.storyboard */; };
		240AEFDF1EC804EE00004FB8 /* Assets.xcassets in Resources */ = {isa = PBXBuildFile; fileRef = 240AEFDE1EC804EE00004FB8 /* Assets.xcassets */; };
		240AEFE21EC804EE00004FB8 /* LaunchScreen.storyboard in Resources */ = {isa = PBXBuildFile; fileRef = 240AEFE01EC804EE00004FB8 /* LaunchScreen.storyboard */; };
		240AEFF21EC842F000004FB8 /* PetFaxzService.swift in Sources */ = {isa = PBXBuildFile; fileRef = 240AEFF11EC842F000004FB8 /* PetFaxzService.swift */; };
		240AEFF51EC8433900004FB8 /* HTTPHeader.swift in Sources */ = {isa = PBXBuildFile; fileRef = 240AEFF41EC8433900004FB8 /* HTTPHeader.swift */; };
		240AEFF71EC8434000004FB8 /* Result.swift in Sources */ = {isa = PBXBuildFile; fileRef = 240AEFF61EC8434000004FB8 /* Result.swift */; };
		240AEFFA1EC843D600004FB8 /* Gettable.swift in Sources */ = {isa = PBXBuildFile; fileRef = 240AEFF91EC843D600004FB8 /* Gettable.swift */; };
		BA4C094B01A04721EDFC28F2 /* Pods_PetFaxz.framework in Frameworks */ = {isa = PBXBuildFile; fileRef = 1A8EE879EAEF61DBBE448113 /* Pods_PetFaxz.framework */; };
/* End PBXBuildFile section */

/* Begin PBXFileReference section */
		1A8EE879EAEF61DBBE448113 /* Pods_PetFaxz.framework */ = {isa = PBXFileReference; explicitFileType = wrapper.framework; includeInIndex = 0; path = Pods_PetFaxz.framework; sourceTree = BUILT_PRODUCTS_DIR; };
		240AEFD41EC804EE00004FB8 /* PetFaxz.app */ = {isa = PBXFileReference; explicitFileType = wrapper.application; includeInIndex = 0; path = PetFaxz.app; sourceTree = BUILT_PRODUCTS_DIR; };
		240AEFD71EC804EE00004FB8 /* AppDelegate.swift */ = {isa = PBXFileReference; lastKnownFileType = sourcecode.swift; path = AppDelegate.swift; sourceTree = "<group>"; };
		240AEFD91EC804EE00004FB8 /* ViewController.swift */ = {isa = PBXFileReference; lastKnownFileType = sourcecode.swift; path = ViewController.swift; sourceTree = "<group>"; };
		240AEFDC1EC804EE00004FB8 /* Base */ = {isa = PBXFileReference; lastKnownFileType = file.storyboard; name = Base; path = Base.lproj/Main.storyboard; sourceTree = "<group>"; };
		240AEFDE1EC804EE00004FB8 /* Assets.xcassets */ = {isa = PBXFileReference; lastKnownFileType = folder.assetcatalog; path = Assets.xcassets; sourceTree = "<group>"; };
		240AEFE11EC804EE00004FB8 /* Base */ = {isa = PBXFileReference; lastKnownFileType = file.storyboard; name = Base; path = Base.lproj/LaunchScreen.storyboard; sourceTree = "<group>"; };
		240AEFE31EC804EE00004FB8 /* Info.plist */ = {isa = PBXFileReference; lastKnownFileType = text.plist.xml; path = Info.plist; sourceTree = "<group>"; };
		240AEFF11EC842F000004FB8 /* PetFaxzService.swift */ = {isa = PBXFileReference; fileEncoding = 4; lastKnownFileType = sourcecode.swift; path = PetFaxzService.swift; sourceTree = "<group>"; };
		240AEFF41EC8433900004FB8 /* HTTPHeader.swift */ = {isa = PBXFileReference; fileEncoding = 4; lastKnownFileType = sourcecode.swift; path = HTTPHeader.swift; sourceTree = "<group>"; };
		240AEFF61EC8434000004FB8 /* Result.swift */ = {isa = PBXFileReference; fileEncoding = 4; lastKnownFileType = sourcecode.swift; path = Result.swift; sourceTree = "<group>"; };
		240AEFF91EC843D600004FB8 /* Gettable.swift */ = {isa = PBXFileReference; fileEncoding = 4; lastKnownFileType = sourcecode.swift; path = Gettable.swift; sourceTree = "<group>"; };
		8744DACCE693BC20D6AA2990 /* Pods-PetFaxz.debug.xcconfig */ = {isa = PBXFileReference; includeInIndex = 1; lastKnownFileType = text.xcconfig; name = "Pods-PetFaxz.debug.xcconfig"; path = "Pods/Target Support Files/Pods-PetFaxz/Pods-PetFaxz.debug.xcconfig"; sourceTree = "<group>"; };
		C41BDFE6E160C31FCE208776 /* Pods-PetFaxz.release.xcconfig */ = {isa = PBXFileReference; includeInIndex = 1; lastKnownFileType = text.xcconfig; name = "Pods-PetFaxz.release.xcconfig"; path = "Pods/Target Support Files/Pods-PetFaxz/Pods-PetFaxz.release.xcconfig"; sourceTree = "<group>"; };
/* End PBXFileReference section */

/* Begin PBXFrameworksBuildPhase section */
		240AEFD11EC804EE00004FB8 /* Frameworks */ = {
			isa = PBXFrameworksBuildPhase;
			buildActionMask = 2147483647;
			files = (
				BA4C094B01A04721EDFC28F2 /* Pods_PetFaxz.framework in Frameworks */,
			);
			runOnlyForDeploymentPostprocessing = 0;
		};
/* End PBXFrameworksBuildPhase section */

/* Begin PBXGroup section */
		0917C1287A4FC56B00025F7F /* Frameworks */ = {
			isa = PBXGroup;
			children = (
				1A8EE879EAEF61DBBE448113 /* Pods_PetFaxz.framework */,
			);
			name = Frameworks;
			sourceTree = "<group>";
		};
		240AEFCB1EC804EE00004FB8 = {
			isa = PBXGroup;
			children = (
				240AEFD61EC804EE00004FB8 /* PetFaxz */,
				240AEFD51EC804EE00004FB8 /* Products */,
				A384B8811A24E5883CA26B30 /* Pods */,
				0917C1287A4FC56B00025F7F /* Frameworks */,
			);
			sourceTree = "<group>";
		};
		240AEFD51EC804EE00004FB8 /* Products */ = {
			isa = PBXGroup;
			children = (
				240AEFD41EC804EE00004FB8 /* PetFaxz.app */,
			);
			name = Products;
			sourceTree = "<group>";
		};
		240AEFD61EC804EE00004FB8 /* PetFaxz */ = {
			isa = PBXGroup;
			children = (
				240AEFF81EC843D600004FB8 /* Protocols */,
				240AEFEF1EC842F000004FB8 /* Networking */,
				240AEFD71EC804EE00004FB8 /* AppDelegate.swift */,
				240AEFD91EC804EE00004FB8 /* ViewController.swift */,
				240AEFDB1EC804EE00004FB8 /* Main.storyboard */,
				240AEFDE1EC804EE00004FB8 /* Assets.xcassets */,
				240AEFE01EC804EE00004FB8 /* LaunchScreen.storyboard */,
				240AEFE31EC804EE00004FB8 /* Info.plist */,
			);
			path = PetFaxz;
			sourceTree = "<group>";
		};
		240AEFEF1EC842F000004FB8 /* Networking */ = {
			isa = PBXGroup;
			children = (
				240AEFF31EC8432D00004FB8 /* Helpers */,
				240AEFF01EC842F000004FB8 /* APIClient */,
			);
			path = Networking;
			sourceTree = "<group>";
		};
		240AEFF01EC842F000004FB8 /* APIClient */ = {
			isa = PBXGroup;
			children = (
				240AEFF11EC842F000004FB8 /* PetFaxzService.swift */,
			);
			path = APIClient;
			sourceTree = "<group>";
		};
		240AEFF31EC8432D00004FB8 /* Helpers */ = {
			isa = PBXGroup;
			children = (
				240AEFF61EC8434000004FB8 /* Result.swift */,
				240AEFF41EC8433900004FB8 /* HTTPHeader.swift */,
			);
			path = Helpers;
			sourceTree = "<group>";
		};
		240AEFF81EC843D600004FB8 /* Protocols */ = {
			isa = PBXGroup;
			children = (
				240AEFF91EC843D600004FB8 /* Gettable.swift */,
			);
			path = Protocols;
			sourceTree = "<group>";
		};
		A384B8811A24E5883CA26B30 /* Pods */ = {
			isa = PBXGroup;
			children = (
				8744DACCE693BC20D6AA2990 /* Pods-PetFaxz.debug.xcconfig */,
				C41BDFE6E160C31FCE208776 /* Pods-PetFaxz.release.xcconfig */,
			);
			name = Pods;
			sourceTree = "<group>";
		};
/* End PBXGroup section */

/* Begin PBXNativeTarget section */
		240AEFD31EC804EE00004FB8 /* PetFaxz */ = {
			isa = PBXNativeTarget;
			buildConfigurationList = 240AEFE61EC804EE00004FB8 /* Build configuration list for PBXNativeTarget "PetFaxz" */;
			buildPhases = (
				04EDD5E9F9BE227C42595F88 /* [CP] Check Pods Manifest.lock */,
				240AEFD01EC804EE00004FB8 /* Sources */,
				240AEFD11EC804EE00004FB8 /* Frameworks */,
				240AEFD21EC804EE00004FB8 /* Resources */,
				2199245CCCB5AE617DD8AF6A /* [CP] Embed Pods Frameworks */,
				E2E0DD9210D0968DB77B8D38 /* [CP] Copy Pods Resources */,
			);
			buildRules = (
			);
			dependencies = (
			);
			name = PetFaxz;
			productName = PetFaxz;
			productReference = 240AEFD41EC804EE00004FB8 /* PetFaxz.app */;
			productType = "com.apple.product-type.application";
		};
/* End PBXNativeTarget section */

/* Begin PBXProject section */
		240AEFCC1EC804EE00004FB8 /* Project object */ = {
			isa = PBXProject;
			attributes = {
				LastSwiftUpdateCheck = 0830;
				LastUpgradeCheck = 0830;
				ORGANIZATIONNAME = twof;
				TargetAttributes = {
					240AEFD31EC804EE00004FB8 = {
						CreatedOnToolsVersion = 8.3.2;
						ProvisioningStyle = Automatic;
					};
				};
			};
			buildConfigurationList = 240AEFCF1EC804EE00004FB8 /* Build configuration list for PBXProject "PetFaxz" */;
			compatibilityVersion = "Xcode 3.2";
			developmentRegion = English;
			hasScannedForEncodings = 0;
			knownRegions = (
				en,
				Base,
			);
			mainGroup = 240AEFCB1EC804EE00004FB8;
			productRefGroup = 240AEFD51EC804EE00004FB8 /* Products */;
			projectDirPath = "";
			projectRoot = "";
			targets = (
				240AEFD31EC804EE00004FB8 /* PetFaxz */,
			);
		};
/* End PBXProject section */

/* Begin PBXResourcesBuildPhase section */
		240AEFD21EC804EE00004FB8 /* Resources */ = {
			isa = PBXResourcesBuildPhase;
			buildActionMask = 2147483647;
			files = (
				240AEFE21EC804EE00004FB8 /* LaunchScreen.storyboard in Resources */,
				240AEFDF1EC804EE00004FB8 /* Assets.xcassets in Resources */,
				240AEFDD1EC804EE00004FB8 /* Main.storyboard in Resources */,
			);
			runOnlyForDeploymentPostprocessing = 0;
		};
/* End PBXResourcesBuildPhase section */

/* Begin PBXShellScriptBuildPhase section */
		04EDD5E9F9BE227C42595F88 /* [CP] Check Pods Manifest.lock */ = {
			isa = PBXShellScriptBuildPhase;
			buildActionMask = 2147483647;
			files = (
			);
			inputPaths = (
			);
			name = "[CP] Check Pods Manifest.lock";
			outputPaths = (
			);
			runOnlyForDeploymentPostprocessing = 0;
			shellPath = /bin/sh;
			shellScript = "diff \"${PODS_ROOT}/../Podfile.lock\" \"${PODS_ROOT}/Manifest.lock\" > /dev/null\nif [ $? != 0 ] ; then\n    # print error to STDERR\n    echo \"error: The sandbox is not in sync with the Podfile.lock. Run 'pod install' or update your CocoaPods installation.\" >&2\n    exit 1\nfi\n";
			showEnvVarsInLog = 0;
		};
		2199245CCCB5AE617DD8AF6A /* [CP] Embed Pods Frameworks */ = {
			isa = PBXShellScriptBuildPhase;
			buildActionMask = 2147483647;
			files = (
			);
			inputPaths = (
			);
			name = "[CP] Embed Pods Frameworks";
			outputPaths = (
			);
			runOnlyForDeploymentPostprocessing = 0;
			shellPath = /bin/sh;
			shellScript = "\"${SRCROOT}/Pods/Target Support Files/Pods-PetFaxz/Pods-PetFaxz-frameworks.sh\"\n";
			showEnvVarsInLog = 0;
		};
		E2E0DD9210D0968DB77B8D38 /* [CP] Copy Pods Resources */ = {
			isa = PBXShellScriptBuildPhase;
			buildActionMask = 2147483647;
			files = (
			);
			inputPaths = (
			);
			name = "[CP] Copy Pods Resources";
			outputPaths = (
			);
			runOnlyForDeploymentPostprocessing = 0;
			shellPath = /bin/sh;
			shellScript = "\"${SRCROOT}/Pods/Target Support Files/Pods-PetFaxz/Pods-PetFaxz-resources.sh\"\n";
			showEnvVarsInLog = 0;
		};
/* End PBXShellScriptBuildPhase section */

/* Begin PBXSourcesBuildPhase section */
		240AEFD01EC804EE00004FB8 /* Sources */ = {
			isa = PBXSourcesBuildPhase;
			buildActionMask = 2147483647;
			files = (
				240AEFF51EC8433900004FB8 /* HTTPHeader.swift in Sources */,
				240AEFFA1EC843D600004FB8 /* Gettable.swift in Sources */,
				240AEFF71EC8434000004FB8 /* Result.swift in Sources */,
				240AEFDA1EC804EE00004FB8 /* ViewController.swift in Sources */,
				240AEFD81EC804EE00004FB8 /* AppDelegate.swift in Sources */,
				240AEFF21EC842F000004FB8 /* PetFaxzService.swift in Sources */,
			);
			runOnlyForDeploymentPostprocessing = 0;
		};
/* End PBXSourcesBuildPhase section */

/* Begin PBXVariantGroup section */
		240AEFDB1EC804EE00004FB8 /* Main.storyboard */ = {
			isa = PBXVariantGroup;
			children = (
				240AEFDC1EC804EE00004FB8 /* Base */,
			);
			name = Main.storyboard;
			sourceTree = "<group>";
		};
		240AEFE01EC804EE00004FB8 /* LaunchScreen.storyboard */ = {
			isa = PBXVariantGroup;
			children = (
				240AEFE11EC804EE00004FB8 /* Base */,
			);
			name = LaunchScreen.storyboard;
			sourceTree = "<group>";
		};
/* End PBXVariantGroup section */

/* Begin XCBuildConfiguration section */
		240AEFE41EC804EE00004FB8 /* Debug */ = {
			isa = XCBuildConfiguration;
			buildSettings = {
				ALWAYS_SEARCH_USER_PATHS = NO;
				CLANG_ANALYZER_NONNULL = YES;
				CLANG_ANALYZER_NUMBER_OBJECT_CONVERSION = YES_AGGRESSIVE;
				CLANG_CXX_LANGUAGE_STANDARD = "gnu++0x";
				CLANG_CXX_LIBRARY = "libc++";
				CLANG_ENABLE_MODULES = YES;
				CLANG_ENABLE_OBJC_ARC = YES;
				CLANG_WARN_BOOL_CONVERSION = YES;
				CLANG_WARN_CONSTANT_CONVERSION = YES;
				CLANG_WARN_DIRECT_OBJC_ISA_USAGE = YES_ERROR;
				CLANG_WARN_DOCUMENTATION_COMMENTS = YES;
				CLANG_WARN_EMPTY_BODY = YES;
				CLANG_WARN_ENUM_CONVERSION = YES;
				CLANG_WARN_INFINITE_RECURSION = YES;
				CLANG_WARN_INT_CONVERSION = YES;
				CLANG_WARN_OBJC_ROOT_CLASS = YES_ERROR;
				CLANG_WARN_SUSPICIOUS_MOVE = YES;
				CLANG_WARN_UNREACHABLE_CODE = YES;
				CLANG_WARN__DUPLICATE_METHOD_MATCH = YES;
				"CODE_SIGN_IDENTITY[sdk=iphoneos*]" = "iPhone Developer";
				COPY_PHASE_STRIP = NO;
				DEBUG_INFORMATION_FORMAT = dwarf;
				ENABLE_STRICT_OBJC_MSGSEND = YES;
				ENABLE_TESTABILITY = YES;
				GCC_C_LANGUAGE_STANDARD = gnu99;
				GCC_DYNAMIC_NO_PIC = NO;
				GCC_NO_COMMON_BLOCKS = YES;
				GCC_OPTIMIZATION_LEVEL = 0;
				GCC_PREPROCESSOR_DEFINITIONS = (
					"DEBUG=1",
					"$(inherited)",
				);
				GCC_WARN_64_TO_32_BIT_CONVERSION = YES;
				GCC_WARN_ABOUT_RETURN_TYPE = YES_ERROR;
				GCC_WARN_UNDECLARED_SELECTOR = YES;
				GCC_WARN_UNINITIALIZED_AUTOS = YES_AGGRESSIVE;
				GCC_WARN_UNUSED_FUNCTION = YES;
				GCC_WARN_UNUSED_VARIABLE = YES;
				IPHONEOS_DEPLOYMENT_TARGET = 10.3;
				MTL_ENABLE_DEBUG_INFO = YES;
				ONLY_ACTIVE_ARCH = YES;
				SDKROOT = iphoneos;
				SWIFT_ACTIVE_COMPILATION_CONDITIONS = DEBUG;
				SWIFT_OPTIMIZATION_LEVEL = "-Onone";
			};
			name = Debug;
		};
		240AEFE51EC804EE00004FB8 /* Release */ = {
			isa = XCBuildConfiguration;
			buildSettings = {
				ALWAYS_SEARCH_USER_PATHS = NO;
				CLANG_ANALYZER_NONNULL = YES;
				CLANG_ANALYZER_NUMBER_OBJECT_CONVERSION = YES_AGGRESSIVE;
				CLANG_CXX_LANGUAGE_STANDARD = "gnu++0x";
				CLANG_CXX_LIBRARY = "libc++";
				CLANG_ENABLE_MODULES = YES;
				CLANG_ENABLE_OBJC_ARC = YES;
				CLANG_WARN_BOOL_CONVERSION = YES;
				CLANG_WARN_CONSTANT_CONVERSION = YES;
				CLANG_WARN_DIRECT_OBJC_ISA_USAGE = YES_ERROR;
				CLANG_WARN_DOCUMENTATION_COMMENTS = YES;
				CLANG_WARN_EMPTY_BODY = YES;
				CLANG_WARN_ENUM_CONVERSION = YES;
				CLANG_WARN_INFINITE_RECURSION = YES;
				CLANG_WARN_INT_CONVERSION = YES;
				CLANG_WARN_OBJC_ROOT_CLASS = YES_ERROR;
				CLANG_WARN_SUSPICIOUS_MOVE = YES;
				CLANG_WARN_UNREACHABLE_CODE = YES;
				CLANG_WARN__DUPLICATE_METHOD_MATCH = YES;
				"CODE_SIGN_IDENTITY[sdk=iphoneos*]" = "iPhone Developer";
				COPY_PHASE_STRIP = NO;
				DEBUG_INFORMATION_FORMAT = "dwarf-with-dsym";
				ENABLE_NS_ASSERTIONS = NO;
				ENABLE_STRICT_OBJC_MSGSEND = YES;
				GCC_C_LANGUAGE_STANDARD = gnu99;
				GCC_NO_COMMON_BLOCKS = YES;
				GCC_WARN_64_TO_32_BIT_CONVERSION = YES;
				GCC_WARN_ABOUT_RETURN_TYPE = YES_ERROR;
				GCC_WARN_UNDECLARED_SELECTOR = YES;
				GCC_WARN_UNINITIALIZED_AUTOS = YES_AGGRESSIVE;
				GCC_WARN_UNUSED_FUNCTION = YES;
				GCC_WARN_UNUSED_VARIABLE = YES;
				IPHONEOS_DEPLOYMENT_TARGET = 10.3;
				MTL_ENABLE_DEBUG_INFO = NO;
				SDKROOT = iphoneos;
				SWIFT_OPTIMIZATION_LEVEL = "-Owholemodule";
				VALIDATE_PRODUCT = YES;
			};
			name = Release;
		};
		240AEFE71EC804EE00004FB8 /* Debug */ = {
			isa = XCBuildConfiguration;
			baseConfigurationReference = 8744DACCE693BC20D6AA2990 /* Pods-PetFaxz.debug.xcconfig */;
			buildSettings = {
				ASSETCATALOG_COMPILER_APPICON_NAME = AppIcon;
				INFOPLIST_FILE = PetFaxz/Info.plist;
				LD_RUNPATH_SEARCH_PATHS = "$(inherited) @executable_path/Frameworks";
				PRODUCT_BUNDLE_IDENTIFIER = com.twof.PetFaxz;
				PRODUCT_NAME = "$(TARGET_NAME)";
				SWIFT_VERSION = 3.0;
			};
			name = Debug;
		};
		240AEFE81EC804EE00004FB8 /* Release */ = {
			isa = XCBuildConfiguration;
			baseConfigurationReference = C41BDFE6E160C31FCE208776 /* Pods-PetFaxz.release.xcconfig */;
			buildSettings = {
				ASSETCATALOG_COMPILER_APPICON_NAME = AppIcon;
				INFOPLIST_FILE = PetFaxz/Info.plist;
				LD_RUNPATH_SEARCH_PATHS = "$(inherited) @executable_path/Frameworks";
				PRODUCT_BUNDLE_IDENTIFIER = com.twof.PetFaxz;
				PRODUCT_NAME = "$(TARGET_NAME)";
				SWIFT_VERSION = 3.0;
			};
			name = Release;
		};
/* End XCBuildConfiguration section */

/* Begin XCConfigurationList section */
		240AEFCF1EC804EE00004FB8 /* Build configuration list for PBXProject "PetFaxz" */ = {
			isa = XCConfigurationList;
			buildConfigurations = (
				240AEFE41EC804EE00004FB8 /* Debug */,
				240AEFE51EC804EE00004FB8 /* Release */,
			);
			defaultConfigurationIsVisible = 0;
			defaultConfigurationName = Release;
		};
		240AEFE61EC804EE00004FB8 /* Build configuration list for PBXNativeTarget "PetFaxz" */ = {
			isa = XCConfigurationList;
			buildConfigurations = (
				240AEFE71EC804EE00004FB8 /* Debug */,
				240AEFE81EC804EE00004FB8 /* Release */,
			);
			defaultConfigurationIsVisible = 0;
			defaultConfigurationName = Release;
		};
/* End XCConfigurationList section */
	};
	rootObject = 240AEFCC1EC804EE00004FB8 /* Project object */;
}
